
Microsoft Visual Studio Solution File, Format Version 12.00
# Visual Studio Version 16
VisualStudioVersion = 16.0.30406.217
MinimumVisualStudioVersion = 10.0.40219.1
Project("{FAE04EC0-301F-11D3-BF4B-00C04F79EFBC}") = "instestv2", "instestv2\instestv2.csproj", "{3E4CD6DA-5558-4AB1-98D6-5115B95009CC}"
EndProject
Global
	GlobalSection(SolutionConfigurationPlatforms) = preSolution
		Debug|Any CPU = Debug|Any CPU
		Release|Any CPU = Release|Any CPU
	EndGlobalSection
	GlobalSection(ProjectConfigurationPlatforms) = postSolution
		{3E4CD6DA-5558-4AB1-98D6-5115B95009CC}.Debug|Any CPU.ActiveCfg = Debug|Any CPU
		{3E4CD6DA-5558-4AB1-98D6-5115B95009CC}.Debug|Any CPU.Build.0 = Debug|Any CPU
		{3E4CD6DA-5558-4AB1-98D6-5115B95009CC}.Release|Any CPU.ActiveCfg = Release|Any CPU
		{3E4CD6DA-5558-4AB1-98D6-5115B95009CC}.Release|Any CPU.Build.0 = Release|Any CPU
	EndGlobalSection
	GlobalSection(SolutionProperties) = preSolution
		HideSolutionNode = FALSE
	EndGlobalSection
	GlobalSection(ExtensibilityGlobals) = postSolution
		SolutionGuid = {FC5C5B80-5188-425A-8508-0E0BB34873F6}
	EndGlobalSection
EndGlobal
